
Microsoft Visual Studio Solution File, Format Version 12.00
# Visual Studio Version 17
VisualStudioVersion = 17.9.34728.123
MinimumVisualStudioVersion = 10.0.40219.1
Project("{FAE04EC0-301F-11D3-BF4B-00C04F79EFBC}") = "TicTacToe", "TicTacToe\TicTacToe.csproj", "{437081DD-22DD-41CF-A73E-9830C39814FE}"
EndProject
Global
	GlobalSection(SolutionConfigurationPlatforms) = preSolution
		Debug|Any CPU = Debug|Any CPU
		Release|Any CPU = Release|Any CPU
	EndGlobalSection
	GlobalSection(ProjectConfigurationPlatforms) = postSolution
		{437081DD-22DD-41CF-A73E-9830C39814FE}.Debug|Any CPU.ActiveCfg = Debug|Any CPU
		{437081DD-22DD-41CF-A73E-9830C39814FE}.Debug|Any CPU.Build.0 = Debug|Any CPU
		{437081DD-22DD-41CF-A73E-9830C39814FE}.Release|Any CPU.ActiveCfg = Release|Any CPU
		{437081DD-22DD-41CF-A73E-9830C39814FE}.Release|Any CPU.Build.0 = Release|Any CPU
	EndGlobalSection
	GlobalSection(SolutionProperties) = preSolution
		HideSolutionNode = FALSE
	EndGlobalSection
	GlobalSection(ExtensibilityGlobals) = postSolution
		SolutionGuid = {CE6FB37F-6D97-4943-B0D4-7662884F7FAC}
	EndGlobalSection
EndGlobal
